// !$*UTF8*$!
{
	archiveVersion = 1;
	classes = {
	};
	objectVersion = 46;
	objects = {

/* Begin PBXBuildFile section */
		CD327CA216A4151E00604307 /* libmoai-osx-3rdparty.a in Frameworks */ = {isa = PBXBuildFile; fileRef = CD327C8D16A414CA00604307 /* libmoai-osx-3rdparty.a */; };
		CD327CA316A4151E00604307 /* libmoai-osx-luaext.a in Frameworks */ = {isa = PBXBuildFile; fileRef = CD327C9316A414CA00604307 /* libmoai-osx-luaext.a */; };
		CD327CA416A4151E00604307 /* libmoai-osx-untz.a in Frameworks */ = {isa = PBXBuildFile; fileRef = CD327C9516A414CA00604307 /* libmoai-osx-untz.a */; };
		CD327CA516A4151E00604307 /* libmoai-osx-zlcore.a in Frameworks */ = {isa = PBXBuildFile; fileRef = CD327C9716A414CA00604307 /* libmoai-osx-zlcore.a */; };
		CD327CA616A4151E00604307 /* libmoai-osx.a in Frameworks */ = {isa = PBXBuildFile; fileRef = CD327C8B16A414CA00604307 /* libmoai-osx.a */; };
		CD90776A16A425490038CB0B /* main.cpp in Sources */ = {isa = PBXBuildFile; fileRef = E6D0404015E1418C00F1EF09 /* main.cpp */; };
		CD90776B16A4254D0038CB0B /* GlfwHost.cpp in Sources */ = {isa = PBXBuildFile; fileRef = E6D0403D15E1418C00F1EF09 /* GlfwHost.cpp */; };
		CD90776C16A425650038CB0B /* libmoai-osx-3rdparty.a in Frameworks */ = {isa = PBXBuildFile; fileRef = CD327C8D16A414CA00604307 /* libmoai-osx-3rdparty.a */; };
		CD90776D16A425650038CB0B /* libmoai-osx-luaext.a in Frameworks */ = {isa = PBXBuildFile; fileRef = CD327C9316A414CA00604307 /* libmoai-osx-luaext.a */; };
		CD90776E16A425650038CB0B /* libmoai-osx-untz.a in Frameworks */ = {isa = PBXBuildFile; fileRef = CD327C9516A414CA00604307 /* libmoai-osx-untz.a */; };
		CD90776F16A425650038CB0B /* libmoai-osx-zlcore.a in Frameworks */ = {isa = PBXBuildFile; fileRef = CD327C9716A414CA00604307 /* libmoai-osx-zlcore.a */; };
		CD90777016A425650038CB0B /* libmoai-osx.a in Frameworks */ = {isa = PBXBuildFile; fileRef = CD327C8B16A414CA00604307 /* libmoai-osx.a */; };
		CD90777116A425720038CB0B /* Cocoa.framework in Frameworks */ = {isa = PBXBuildFile; fileRef = E68ED88C15E06C290013F6C2 /* Cocoa.framework */; };
		CD90777316A425790038CB0B /* OpenGL.framework in Frameworks */ = {isa = PBXBuildFile; fileRef = CD90777216A425790038CB0B /* OpenGL.framework */; };
		CD90777416A425F30038CB0B /* AudioUnit.framework in Frameworks */ = {isa = PBXBuildFile; fileRef = E68ED90015E0857E0013F6C2 /* AudioUnit.framework */; };
		CD90777516A425F30038CB0B /* CoreAudio.framework in Frameworks */ = {isa = PBXBuildFile; fileRef = E68ED8FE15E085760013F6C2 /* CoreAudio.framework */; };
		CD90777616A425F30038CB0B /* AudioToolbox.framework in Frameworks */ = {isa = PBXBuildFile; fileRef = E68ED8FC15E085440013F6C2 /* AudioToolbox.framework */; };
		CD90777716A425F30038CB0B /* CoreFoundation.framework in Frameworks */ = {isa = PBXBuildFile; fileRef = E68ED8FA15E07E9D0013F6C2 /* CoreFoundation.framework */; };
		CD90777816A425F30038CB0B /* IOKit.framework in Frameworks */ = {isa = PBXBuildFile; fileRef = E68ED8F815E07E8F0013F6C2 /* IOKit.framework */; };
		CD90777916A425F30038CB0B /* Foundation.framework in Frameworks */ = {isa = PBXBuildFile; fileRef = E68ED8F615E07E880013F6C2 /* Foundation.framework */; };
		CD90777A16A425F30038CB0B /* libz.1.1.3.dylib in Frameworks */ = {isa = PBXBuildFile; fileRef = E68ED8EF15E071200013F6C2 /* libz.1.1.3.dylib */; };
		CD90777B16A425F30038CB0B /* libSystem.dylib in Frameworks */ = {isa = PBXBuildFile; fileRef = E68ED8ED15E071160013F6C2 /* libSystem.dylib */; };
		CD90777C16A425F30038CB0B /* libssl.dylib in Frameworks */ = {isa = PBXBuildFile; fileRef = E68ED8EB15E0710C0013F6C2 /* libssl.dylib */; };
		CD90777D16A425F30038CB0B /* libcrypto.dylib in Frameworks */ = {isa = PBXBuildFile; fileRef = E68ED8E915E070F50013F6C2 /* libcrypto.dylib */; };
		CD9077A516A520980038CB0B /* MOAIHostMgr.cpp in Sources */ = {isa = PBXBuildFile; fileRef = CD9077A316A520980038CB0B /* MOAIHostMgr.cpp */; };
		CD9077A616A520980038CB0B /* MOAIHostMgr.cpp in Sources */ = {isa = PBXBuildFile; fileRef = CD9077A316A520980038CB0B /* MOAIHostMgr.cpp */; };
		CD9077A816A530000038CB0B /* Turk.icns in Resources */ = {isa = PBXBuildFile; fileRef = CD9077A716A530000038CB0B /* Turk.icns */; };
		E68ED8D615E06DAF0013F6C2 /* Cocoa.framework in Frameworks */ = {isa = PBXBuildFile; fileRef = E68ED88C15E06C290013F6C2 /* Cocoa.framework */; };
		E68ED8DD15E06E240013F6C2 /* OpenGL.framework in Frameworks */ = {isa = PBXBuildFile; fileRef = E68ED8DB15E06E180013F6C2 /* OpenGL.framework */; };
		E68ED8EA15E070F50013F6C2 /* libcrypto.dylib in Frameworks */ = {isa = PBXBuildFile; fileRef = E68ED8E915E070F50013F6C2 /* libcrypto.dylib */; };
		E68ED8EC15E0710C0013F6C2 /* libssl.dylib in Frameworks */ = {isa = PBXBuildFile; fileRef = E68ED8EB15E0710C0013F6C2 /* libssl.dylib */; };
		E68ED8EE15E071170013F6C2 /* libSystem.dylib in Frameworks */ = {isa = PBXBuildFile; fileRef = E68ED8ED15E071160013F6C2 /* libSystem.dylib */; };
		E68ED8F015E071200013F6C2 /* libz.1.1.3.dylib in Frameworks */ = {isa = PBXBuildFile; fileRef = E68ED8EF15E071200013F6C2 /* libz.1.1.3.dylib */; };
		E68ED8F715E07E880013F6C2 /* Foundation.framework in Frameworks */ = {isa = PBXBuildFile; fileRef = E68ED8F615E07E880013F6C2 /* Foundation.framework */; };
		E68ED8F915E07E8F0013F6C2 /* IOKit.framework in Frameworks */ = {isa = PBXBuildFile; fileRef = E68ED8F815E07E8F0013F6C2 /* IOKit.framework */; };
		E68ED8FB15E07E9D0013F6C2 /* CoreFoundation.framework in Frameworks */ = {isa = PBXBuildFile; fileRef = E68ED8FA15E07E9D0013F6C2 /* CoreFoundation.framework */; };
		E68ED8FD15E085440013F6C2 /* AudioToolbox.framework in Frameworks */ = {isa = PBXBuildFile; fileRef = E68ED8FC15E085440013F6C2 /* AudioToolbox.framework */; };
		E68ED8FF15E085760013F6C2 /* CoreAudio.framework in Frameworks */ = {isa = PBXBuildFile; fileRef = E68ED8FE15E085760013F6C2 /* CoreAudio.framework */; };
		E68ED90115E0857E0013F6C2 /* AudioUnit.framework in Frameworks */ = {isa = PBXBuildFile; fileRef = E68ED90015E0857E0013F6C2 /* AudioUnit.framework */; };
		E6AECA5A15E45BCC00A0D30D /* GlfwHost.cpp in Sources */ = {isa = PBXBuildFile; fileRef = E6D0403D15E1418C00F1EF09 /* GlfwHost.cpp */; };
		E6D0404315E1418C00F1EF09 /* main.cpp in Sources */ = {isa = PBXBuildFile; fileRef = E6D0404015E1418C00F1EF09 /* main.cpp */; };
/* End PBXBuildFile section */

/* Begin PBXContainerItemProxy section */
		CD327C7216A414CA00604307 /* PBXContainerItemProxy */ = {
			isa = PBXContainerItemProxy;
			containerPortal = CD327C5916A414C800604307 /* libmoai.xcodeproj */;
			proxyType = 2;
			remoteGlobalIDString = 03C2F6F4104DE130009A2D5D;
			remoteInfo = "libmoai-ios";
		};
		CD327C7416A414CA00604307 /* PBXContainerItemProxy */ = {
			isa = PBXContainerItemProxy;
			containerPortal = CD327C5916A414C800604307 /* libmoai.xcodeproj */;
			proxyType = 2;
			remoteGlobalIDString = 0379C5961333ECD800E89DDC;
			remoteInfo = "libmoai-ios-3rdparty";
		};
		CD327C7616A414CA00604307 /* PBXContainerItemProxy */ = {
			isa = PBXContainerItemProxy;
			containerPortal = CD327C5916A414C800604307 /* libmoai.xcodeproj */;
			proxyType = 2;
			remoteGlobalIDString = 0705D8C014F46A6D009537C3;
			remoteInfo = "libmoai-ios-adcolony";
		};
		CD327C7816A414CA00604307 /* PBXContainerItemProxy */ = {
			isa = PBXContainerItemProxy;
			containerPortal = CD327C5916A414C800604307 /* libmoai.xcodeproj */;
			proxyType = 2;
			remoteGlobalIDString = E98DBD571537A1C500514387;
			remoteInfo = "libmoai-ios-chartboost";
		};
		CD327C7A16A414CA00604307 /* PBXContainerItemProxy */ = {
			isa = PBXContainerItemProxy;
			containerPortal = CD327C5916A414C800604307 /* libmoai.xcodeproj */;
			proxyType = 2;
			remoteGlobalIDString = 07F4C7B014FC440500FB78BA;
			remoteInfo = "libmoai-ios-facebook";
		};
		CD327C7C16A414CA00604307 /* PBXContainerItemProxy */ = {
			isa = PBXContainerItemProxy;
			containerPortal = CD327C5916A414C800604307 /* libmoai.xcodeproj */;
			proxyType = 2;
			remoteGlobalIDString = CDDD30921574AE0000C410A0;
			remoteInfo = "libmoai-ios-fmod-designer";
		};
		CD327C7E16A414CA00604307 /* PBXContainerItemProxy */ = {
			isa = PBXContainerItemProxy;
			containerPortal = CD327C5916A414C800604307 /* libmoai.xcodeproj */;
			proxyType = 2;
			remoteGlobalIDString = CD5089F9155E3A1B0002FC3B;
			remoteInfo = "libmoai-ios-fmod-ex";
		};
		CD327C8016A414CA00604307 /* PBXContainerItemProxy */ = {
			isa = PBXContainerItemProxy;
			containerPortal = CD327C5916A414C800604307 /* libmoai.xcodeproj */;
			proxyType = 2;
			remoteGlobalIDString = CDD06BD01398822500AB0420;
			remoteInfo = "libmoai-ios-luaext";
		};
		CD327C8216A414CA00604307 /* PBXContainerItemProxy */ = {
			isa = PBXContainerItemProxy;
			containerPortal = CD327C5916A414C800604307 /* libmoai.xcodeproj */;
			proxyType = 2;
			remoteGlobalIDString = 073D58591459269600289D5C;
			remoteInfo = "libmoai-ios-tapjoy";
		};
		CD327C8416A414CA00604307 /* PBXContainerItemProxy */ = {
			isa = PBXContainerItemProxy;
			containerPortal = CD327C5916A414C800604307 /* libmoai.xcodeproj */;
			proxyType = 2;
			remoteGlobalIDString = CD07C3CD13A182AA00C9386C;
			remoteInfo = "libmoai-ios-untz";
		};
		CD327C8616A414CA00604307 /* PBXContainerItemProxy */ = {
			isa = PBXContainerItemProxy;
			containerPortal = CD327C5916A414C800604307 /* libmoai.xcodeproj */;
			proxyType = 2;
			remoteGlobalIDString = 663BA372159D041D00F80FE9;
			remoteInfo = "libmoai-ios-vungle";
		};
		CD327C8816A414CA00604307 /* PBXContainerItemProxy */ = {
			isa = PBXContainerItemProxy;
			containerPortal = CD327C5916A414C800604307 /* libmoai.xcodeproj */;
			proxyType = 2;
			remoteGlobalIDString = CD04ACB414725568009C20E5;
			remoteInfo = "libmoai-ios-zlcore";
		};
		CD327C8A16A414CA00604307 /* PBXContainerItemProxy */ = {
			isa = PBXContainerItemProxy;
			containerPortal = CD327C5916A414C800604307 /* libmoai.xcodeproj */;
			proxyType = 2;
			remoteGlobalIDString = 0324E2BB1356485F000ADC60;
			remoteInfo = "libmoai-osx";
		};
		CD327C8C16A414CA00604307 /* PBXContainerItemProxy */ = {
			isa = PBXContainerItemProxy;
			containerPortal = CD327C5916A414C800604307 /* libmoai.xcodeproj */;
			proxyType = 2;
			remoteGlobalIDString = 0324E2AF1356485F000ADC60;
			remoteInfo = "libmoai-osx-3rdparty";
		};
		CD327C8E16A414CA00604307 /* PBXContainerItemProxy */ = {
			isa = PBXContainerItemProxy;
			containerPortal = CD327C5916A414C800604307 /* libmoai.xcodeproj */;
			proxyType = 2;
			remoteGlobalIDString = CDDD30A51574AE0F00C410A0;
			remoteInfo = "libmoai-osx-fmod-designer";
		};
		CD327C9016A414CA00604307 /* PBXContainerItemProxy */ = {
			isa = PBXContainerItemProxy;
			containerPortal = CD327C5916A414C800604307 /* libmoai.xcodeproj */;
			proxyType = 2;
			remoteGlobalIDString = CDE8A802155E42EF00C2DFF5;
			remoteInfo = "libmoai-osx-fmod-ex";
		};
		CD327C9216A414CA00604307 /* PBXContainerItemProxy */ = {
			isa = PBXContainerItemProxy;
			containerPortal = CD327C5916A414C800604307 /* libmoai.xcodeproj */;
			proxyType = 2;
			remoteGlobalIDString = CDD06D87139882D900AB0420;
			remoteInfo = "libmoai-osx-luaext";
		};
		CD327C9416A414CA00604307 /* PBXContainerItemProxy */ = {
			isa = PBXContainerItemProxy;
			containerPortal = CD327C5916A414C800604307 /* libmoai.xcodeproj */;
			proxyType = 2;
			remoteGlobalIDString = CD07C4E513A1918600C9386C;
			remoteInfo = "libmoai-osx-untz";
		};
		CD327C9616A414CA00604307 /* PBXContainerItemProxy */ = {
			isa = PBXContainerItemProxy;
			containerPortal = CD327C5916A414C800604307 /* libmoai.xcodeproj */;
			proxyType = 2;
			remoteGlobalIDString = CD04AE7F1472557F009C20E5;
			remoteInfo = "libmoai-osx-zlcore";
		};
		CD327C9816A414E700604307 /* PBXContainerItemProxy */ = {
			isa = PBXContainerItemProxy;
			containerPortal = CD327C5916A414C800604307 /* libmoai.xcodeproj */;
			proxyType = 1;
			remoteGlobalIDString = 0324E2B11356485F000ADC60;
			remoteInfo = "libmoai-osx";
		};
		CD327C9A16A414E700604307 /* PBXContainerItemProxy */ = {
			isa = PBXContainerItemProxy;
			containerPortal = CD327C5916A414C800604307 /* libmoai.xcodeproj */;
			proxyType = 1;
			remoteGlobalIDString = 0324E2A81356485F000ADC60;
			remoteInfo = "libmoai-osx-3rdparty";
		};
		CD327C9C16A414E700604307 /* PBXContainerItemProxy */ = {
			isa = PBXContainerItemProxy;
			containerPortal = CD327C5916A414C800604307 /* libmoai.xcodeproj */;
			proxyType = 1;
			remoteGlobalIDString = CDD06BD5139882D900AB0420;
			remoteInfo = "libmoai-osx-luaext";
		};
		CD327C9E16A414E700604307 /* PBXContainerItemProxy */ = {
			isa = PBXContainerItemProxy;
			containerPortal = CD327C5916A414C800604307 /* libmoai.xcodeproj */;
			proxyType = 1;
			remoteGlobalIDString = CD07C4B913A1918600C9386C;
			remoteInfo = "libmoai-osx-untz";
		};
		CD327CA016A414E700604307 /* PBXContainerItemProxy */ = {
			isa = PBXContainerItemProxy;
			containerPortal = CD327C5916A414C800604307 /* libmoai.xcodeproj */;
			proxyType = 1;
			remoteGlobalIDString = CD04ACB51472557F009C20E5;
			remoteInfo = "libmoai-osx-zlcore";
		};
		CD90776016A4251C0038CB0B /* PBXContainerItemProxy */ = {
			isa = PBXContainerItemProxy;
			containerPortal = CD327C5916A414C800604307 /* libmoai.xcodeproj */;
			proxyType = 1;
			remoteGlobalIDString = 0324E2B11356485F000ADC60;
			remoteInfo = "libmoai-osx";
		};
		CD90776216A4251C0038CB0B /* PBXContainerItemProxy */ = {
			isa = PBXContainerItemProxy;
			containerPortal = CD327C5916A414C800604307 /* libmoai.xcodeproj */;
			proxyType = 1;
			remoteGlobalIDString = 0324E2A81356485F000ADC60;
			remoteInfo = "libmoai-osx-3rdparty";
		};
		CD90776416A4251C0038CB0B /* PBXContainerItemProxy */ = {
			isa = PBXContainerItemProxy;
			containerPortal = CD327C5916A414C800604307 /* libmoai.xcodeproj */;
			proxyType = 1;
			remoteGlobalIDString = CDD06BD5139882D900AB0420;
			remoteInfo = "libmoai-osx-luaext";
		};
		CD90776616A4251C0038CB0B /* PBXContainerItemProxy */ = {
			isa = PBXContainerItemProxy;
			containerPortal = CD327C5916A414C800604307 /* libmoai.xcodeproj */;
			proxyType = 1;
			remoteGlobalIDString = CD07C4B913A1918600C9386C;
			remoteInfo = "libmoai-osx-untz";
		};
		CD90776816A4251C0038CB0B /* PBXContainerItemProxy */ = {
			isa = PBXContainerItemProxy;
			containerPortal = CD327C5916A414C800604307 /* libmoai.xcodeproj */;
			proxyType = 1;
			remoteGlobalIDString = CD04ACB51472557F009C20E5;
			remoteInfo = "libmoai-osx-zlcore";
		};
/* End PBXContainerItemProxy section */

/* Begin PBXCopyFilesBuildPhase section */
		CDD768A416A3FA2C006669CD /* CopyFiles */ = {
			isa = PBXCopyFilesBuildPhase;
			buildActionMask = 2147483647;
			dstPath = "";
			dstSubfolderSpec = 7;
			files = (
			);
			runOnlyForDeploymentPostprocessing = 0;
		};
/* End PBXCopyFilesBuildPhase section */

/* Begin PBXFileReference section */
		CD327C5916A414C800604307 /* libmoai.xcodeproj */ = {isa = PBXFileReference; lastKnownFileType = "wrapper.pb-project"; name = libmoai.xcodeproj; path = "3rdparty/moai-dev/xcode/libmoai/libmoai.xcodeproj"; sourceTree = "<group>"; };
		CD90774816A423250038CB0B /* Turk.app */ = {isa = PBXFileReference; explicitFileType = wrapper.application; includeInIndex = 0; path = Turk.app; sourceTree = BUILT_PRODUCTS_DIR; };
		CD90774D16A423250038CB0B /* Turk-Info.plist */ = {isa = PBXFileReference; lastKnownFileType = text.plist.xml; path = "Turk-Info.plist"; sourceTree = "<group>"; };
		CD90775316A423250038CB0B /* Turk-Prefix.pch */ = {isa = PBXFileReference; lastKnownFileType = sourcecode.c.h; path = "Turk-Prefix.pch"; sourceTree = "<group>"; };
		CD90777216A425790038CB0B /* OpenGL.framework */ = {isa = PBXFileReference; lastKnownFileType = wrapper.framework; name = OpenGL.framework; path = ../../../../../../System/Library/Frameworks/OpenGL.framework; sourceTree = "<group>"; };
		CD9077A316A520980038CB0B /* MOAIHostMgr.cpp */ = {isa = PBXFileReference; fileEncoding = 4; lastKnownFileType = sourcecode.cpp.cpp; path = MOAIHostMgr.cpp; sourceTree = "<group>"; };
		CD9077A416A520980038CB0B /* MOAIHostMgr.h */ = {isa = PBXFileReference; fileEncoding = 4; lastKnownFileType = sourcecode.c.h; path = MOAIHostMgr.h; sourceTree = "<group>"; };
		CD9077A716A530000038CB0B /* Turk.icns */ = {isa = PBXFileReference; lastKnownFileType = image.icns; path = Turk.icns; sourceTree = "<group>"; };
		E68ED88C15E06C290013F6C2 /* Cocoa.framework */ = {isa = PBXFileReference; lastKnownFileType = wrapper.framework; name = Cocoa.framework; path = System/Library/Frameworks/Cocoa.framework; sourceTree = SDKROOT; };
		E68ED8C815E06D110013F6C2 /* MOAI-GLFW */ = {isa = PBXFileReference; explicitFileType = "compiled.mach-o.executable"; includeInIndex = 0; path = "MOAI-GLFW"; sourceTree = BUILT_PRODUCTS_DIR; };
		E68ED8DB15E06E180013F6C2 /* OpenGL.framework */ = {isa = PBXFileReference; lastKnownFileType = wrapper.framework; name = OpenGL.framework; path = SDKs/MacOSX10.7.sdk/System/Library/Frameworks/OpenGL.framework; sourceTree = DEVELOPER_DIR; };
		E68ED8E915E070F50013F6C2 /* libcrypto.dylib */ = {isa = PBXFileReference; lastKnownFileType = "compiled.mach-o.dylib"; name = libcrypto.dylib; path = SDKs/MacOSX10.7.sdk/usr/lib/libcrypto.dylib; sourceTree = DEVELOPER_DIR; };
		E68ED8EB15E0710C0013F6C2 /* libssl.dylib */ = {isa = PBXFileReference; lastKnownFileType = "compiled.mach-o.dylib"; name = libssl.dylib; path = SDKs/MacOSX10.7.sdk/usr/lib/libssl.dylib; sourceTree = DEVELOPER_DIR; };
		E68ED8ED15E071160013F6C2 /* libSystem.dylib */ = {isa = PBXFileReference; lastKnownFileType = "compiled.mach-o.dylib"; name = libSystem.dylib; path = SDKs/MacOSX10.7.sdk/usr/lib/libSystem.dylib; sourceTree = DEVELOPER_DIR; };
		E68ED8EF15E071200013F6C2 /* libz.1.1.3.dylib */ = {isa = PBXFileReference; lastKnownFileType = "compiled.mach-o.dylib"; name = libz.1.1.3.dylib; path = SDKs/MacOSX10.7.sdk/usr/lib/libz.1.1.3.dylib; sourceTree = DEVELOPER_DIR; };
		E68ED8F615E07E880013F6C2 /* Foundation.framework */ = {isa = PBXFileReference; lastKnownFileType = wrapper.framework; name = Foundation.framework; path = SDKs/MacOSX10.7.sdk/System/Library/Frameworks/Foundation.framework; sourceTree = DEVELOPER_DIR; };
		E68ED8F815E07E8F0013F6C2 /* IOKit.framework */ = {isa = PBXFileReference; lastKnownFileType = wrapper.framework; name = IOKit.framework; path = SDKs/MacOSX10.7.sdk/System/Library/Frameworks/IOKit.framework; sourceTree = DEVELOPER_DIR; };
		E68ED8FA15E07E9D0013F6C2 /* CoreFoundation.framework */ = {isa = PBXFileReference; lastKnownFileType = wrapper.framework; name = CoreFoundation.framework; path = SDKs/MacOSX10.7.sdk/System/Library/Frameworks/CoreFoundation.framework; sourceTree = DEVELOPER_DIR; };
		E68ED8FC15E085440013F6C2 /* AudioToolbox.framework */ = {isa = PBXFileReference; lastKnownFileType = wrapper.framework; name = AudioToolbox.framework; path = SDKs/MacOSX10.7.sdk/System/Library/Frameworks/AudioToolbox.framework; sourceTree = DEVELOPER_DIR; };
		E68ED8FE15E085760013F6C2 /* CoreAudio.framework */ = {isa = PBXFileReference; lastKnownFileType = wrapper.framework; name = CoreAudio.framework; path = SDKs/MacOSX10.7.sdk/System/Library/Frameworks/CoreAudio.framework; sourceTree = DEVELOPER_DIR; };
		E68ED90015E0857E0013F6C2 /* AudioUnit.framework */ = {isa = PBXFileReference; lastKnownFileType = wrapper.framework; name = AudioUnit.framework; path = SDKs/MacOSX10.7.sdk/System/Library/Frameworks/AudioUnit.framework; sourceTree = DEVELOPER_DIR; };
		E6D0403D15E1418C00F1EF09 /* GlfwHost.cpp */ = {isa = PBXFileReference; fileEncoding = 4; lastKnownFileType = sourcecode.cpp.cpp; path = GlfwHost.cpp; sourceTree = "<group>"; };
		E6D0403E15E1418C00F1EF09 /* GlfwHost.h */ = {isa = PBXFileReference; fileEncoding = 4; lastKnownFileType = sourcecode.c.h; path = GlfwHost.h; sourceTree = "<group>"; };
		E6D0404015E1418C00F1EF09 /* main.cpp */ = {isa = PBXFileReference; fileEncoding = 4; lastKnownFileType = sourcecode.cpp.cpp; path = main.cpp; sourceTree = "<group>"; };
/* End PBXFileReference section */

/* Begin PBXFrameworksBuildPhase section */
		CD90774516A423250038CB0B /* Frameworks */ = {
			isa = PBXFrameworksBuildPhase;
			buildActionMask = 2147483647;
			files = (
				CD90777316A425790038CB0B /* OpenGL.framework in Frameworks */,
				CD90777116A425720038CB0B /* Cocoa.framework in Frameworks */,
				CD90777416A425F30038CB0B /* AudioUnit.framework in Frameworks */,
				CD90777516A425F30038CB0B /* CoreAudio.framework in Frameworks */,
				CD90777616A425F30038CB0B /* AudioToolbox.framework in Frameworks */,
				CD90777716A425F30038CB0B /* CoreFoundation.framework in Frameworks */,
				CD90777816A425F30038CB0B /* IOKit.framework in Frameworks */,
				CD90777916A425F30038CB0B /* Foundation.framework in Frameworks */,
				CD90777A16A425F30038CB0B /* libz.1.1.3.dylib in Frameworks */,
				CD90777B16A425F30038CB0B /* libSystem.dylib in Frameworks */,
				CD90777C16A425F30038CB0B /* libssl.dylib in Frameworks */,
				CD90777D16A425F30038CB0B /* libcrypto.dylib in Frameworks */,
				CD90776C16A425650038CB0B /* libmoai-osx-3rdparty.a in Frameworks */,
				CD90776D16A425650038CB0B /* libmoai-osx-luaext.a in Frameworks */,
				CD90776E16A425650038CB0B /* libmoai-osx-untz.a in Frameworks */,
				CD90776F16A425650038CB0B /* libmoai-osx-zlcore.a in Frameworks */,
				CD90777016A425650038CB0B /* libmoai-osx.a in Frameworks */,
			);
			runOnlyForDeploymentPostprocessing = 0;
		};
		E68ED8C515E06D110013F6C2 /* Frameworks */ = {
			isa = PBXFrameworksBuildPhase;
			buildActionMask = 2147483647;
			files = (
				CD327CA216A4151E00604307 /* libmoai-osx-3rdparty.a in Frameworks */,
				CD327CA316A4151E00604307 /* libmoai-osx-luaext.a in Frameworks */,
				CD327CA416A4151E00604307 /* libmoai-osx-untz.a in Frameworks */,
				CD327CA516A4151E00604307 /* libmoai-osx-zlcore.a in Frameworks */,
				CD327CA616A4151E00604307 /* libmoai-osx.a in Frameworks */,
				E68ED90115E0857E0013F6C2 /* AudioUnit.framework in Frameworks */,
				E68ED8FF15E085760013F6C2 /* CoreAudio.framework in Frameworks */,
				E68ED8FD15E085440013F6C2 /* AudioToolbox.framework in Frameworks */,
				E68ED8FB15E07E9D0013F6C2 /* CoreFoundation.framework in Frameworks */,
				E68ED8F915E07E8F0013F6C2 /* IOKit.framework in Frameworks */,
				E68ED8F715E07E880013F6C2 /* Foundation.framework in Frameworks */,
				E68ED8F015E071200013F6C2 /* libz.1.1.3.dylib in Frameworks */,
				E68ED8EE15E071170013F6C2 /* libSystem.dylib in Frameworks */,
				E68ED8EC15E0710C0013F6C2 /* libssl.dylib in Frameworks */,
				E68ED8EA15E070F50013F6C2 /* libcrypto.dylib in Frameworks */,
				E68ED8DD15E06E240013F6C2 /* OpenGL.framework in Frameworks */,
				E68ED8D615E06DAF0013F6C2 /* Cocoa.framework in Frameworks */,
			);
			runOnlyForDeploymentPostprocessing = 0;
		};
/* End PBXFrameworksBuildPhase section */

/* Begin PBXGroup section */
		CD327C5A16A414C800604307 /* Products */ = {
			isa = PBXGroup;
			children = (
				CD327C7316A414CA00604307 /* libmoai-ios.a */,
				CD327C7516A414CA00604307 /* libmoai-ios-3rdparty.a */,
				CD327C7716A414CA00604307 /* libmoai-ios-adcolony.a */,
				CD327C7916A414CA00604307 /* libmoai-ios-chartboost.a */,
				CD327C7B16A414CA00604307 /* libmoai-ios-facebook.a */,
				CD327C7D16A414CA00604307 /* liblibmoai-ios-fmod-designer.a */,
				CD327C7F16A414CA00604307 /* libmoai-ios-fmod-ex.a */,
				CD327C8116A414CA00604307 /* libmoai-ios-luaext.a */,
				CD327C8316A414CA00604307 /* libmoai-ios-tapjoy.a */,
				CD327C8516A414CA00604307 /* libmoai-ios-untz.a */,
				CD327C8716A414CA00604307 /* libmoai-ios-vungle.a */,
				CD327C8916A414CA00604307 /* libmoai-ios-zlcore.a */,
				CD327C8B16A414CA00604307 /* libmoai-osx.a */,
				CD327C8D16A414CA00604307 /* libmoai-osx-3rdparty.a */,
				CD327C8F16A414CA00604307 /* liblibmoai-osx-fmod-designer.a */,
				CD327C9116A414CA00604307 /* libmoai-osx-fmod-ex.a */,
				CD327C9316A414CA00604307 /* libmoai-osx-luaext.a */,
				CD327C9516A414CA00604307 /* libmoai-osx-untz.a */,
				CD327C9716A414CA00604307 /* libmoai-osx-zlcore.a */,
			);
			name = Products;
			sourceTree = "<group>";
		};
		CD90774B16A423250038CB0B /* Turk */ = {
			isa = PBXGroup;
			children = (
				CD90774C16A423250038CB0B /* Supporting Files */,
			);
			path = Turk;
			sourceTree = "<group>";
		};
		CD90774C16A423250038CB0B /* Supporting Files */ = {
			isa = PBXGroup;
			children = (
				CD9077A716A530000038CB0B /* Turk.icns */,
				CD90774D16A423250038CB0B /* Turk-Info.plist */,
				CD90775316A423250038CB0B /* Turk-Prefix.pch */,
			);
			name = "Supporting Files";
			sourceTree = "<group>";
		};
		E68ED87B15E06C0F0013F6C2 = {
			isa = PBXGroup;
			children = (
				CD90777216A425790038CB0B /* OpenGL.framework */,
				CD90774B16A423250038CB0B /* Turk */,
				E68ED88B15E06C290013F6C2 /* Frameworks */,
				E68ED88915E06C290013F6C2 /* Products */,
				E6D0403C15E1418C00F1EF09 /* src */,
			);
			sourceTree = "<group>";
		};
		E68ED88915E06C290013F6C2 /* Products */ = {
			isa = PBXGroup;
			children = (
				E68ED8C815E06D110013F6C2 /* MOAI-GLFW */,
				CD90774816A423250038CB0B /* Turk.app */,
			);
			name = Products;
			sourceTree = "<group>";
		};
		E68ED88B15E06C290013F6C2 /* Frameworks */ = {
			isa = PBXGroup;
			children = (
				CD327C5916A414C800604307 /* libmoai.xcodeproj */,
				E68ED90015E0857E0013F6C2 /* AudioUnit.framework */,
				E68ED8FE15E085760013F6C2 /* CoreAudio.framework */,
				E68ED8FC15E085440013F6C2 /* AudioToolbox.framework */,
				E68ED8FA15E07E9D0013F6C2 /* CoreFoundation.framework */,
				E68ED8F815E07E8F0013F6C2 /* IOKit.framework */,
				E68ED8F615E07E880013F6C2 /* Foundation.framework */,
				E68ED8EF15E071200013F6C2 /* libz.1.1.3.dylib */,
				E68ED8ED15E071160013F6C2 /* libSystem.dylib */,
				E68ED8EB15E0710C0013F6C2 /* libssl.dylib */,
				E68ED8E915E070F50013F6C2 /* libcrypto.dylib */,
				E68ED8DB15E06E180013F6C2 /* OpenGL.framework */,
				E68ED88C15E06C290013F6C2 /* Cocoa.framework */,
			);
			name = Frameworks;
			sourceTree = "<group>";
		};
		E6D0403C15E1418C00F1EF09 /* src */ = {
			isa = PBXGroup;
			children = (
				CD9077A316A520980038CB0B /* MOAIHostMgr.cpp */,
				CD9077A416A520980038CB0B /* MOAIHostMgr.h */,
				E6D0403D15E1418C00F1EF09 /* GlfwHost.cpp */,
				E6D0403E15E1418C00F1EF09 /* GlfwHost.h */,
				E6D0404015E1418C00F1EF09 /* main.cpp */,
			);
			path = src;
			sourceTree = "<group>";
		};
/* End PBXGroup section */

/* Begin PBXNativeTarget section */
		CD90774716A423250038CB0B /* Turk */ = {
			isa = PBXNativeTarget;
			buildConfigurationList = CD90775D16A423250038CB0B /* Build configuration list for PBXNativeTarget "Turk" */;
			buildPhases = (
				CD90774416A423250038CB0B /* Sources */,
				CD90774516A423250038CB0B /* Frameworks */,
				CD90774616A423250038CB0B /* Resources */,
			);
			buildRules = (
			);
			dependencies = (
				CD90776116A4251C0038CB0B /* PBXTargetDependency */,
				CD90776316A4251C0038CB0B /* PBXTargetDependency */,
				CD90776516A4251C0038CB0B /* PBXTargetDependency */,
				CD90776716A4251C0038CB0B /* PBXTargetDependency */,
				CD90776916A4251C0038CB0B /* PBXTargetDependency */,
			);
			name = Turk;
			productName = Turk;
			productReference = CD90774816A423250038CB0B /* Turk.app */;
			productType = "com.apple.product-type.application";
		};
		E68ED8C715E06D110013F6C2 /* MOAI-GLFW */ = {
			isa = PBXNativeTarget;
			buildConfigurationList = E68ED8CF15E06D110013F6C2 /* Build configuration list for PBXNativeTarget "MOAI-GLFW" */;
			buildPhases = (
				E68ED8C415E06D110013F6C2 /* Sources */,
				E68ED8C515E06D110013F6C2 /* Frameworks */,
				CDD768A416A3FA2C006669CD /* CopyFiles */,
			);
			buildRules = (
			);
			dependencies = (
				CD327C9916A414E700604307 /* PBXTargetDependency */,
				CD327C9B16A414E700604307 /* PBXTargetDependency */,
				CD327C9D16A414E700604307 /* PBXTargetDependency */,
				CD327C9F16A414E700604307 /* PBXTargetDependency */,
				CD327CA116A414E700604307 /* PBXTargetDependency */,
			);
			name = "MOAI-GLFW";
			productName = "MOAI-GLFW";
			productReference = E68ED8C815E06D110013F6C2 /* MOAI-GLFW */;
			productType = "com.apple.product-type.tool";
		};
/* End PBXNativeTarget section */

/* Begin PBXProject section */
		E68ED87D15E06C0F0013F6C2 /* Project object */ = {
			isa = PBXProject;
			attributes = {
				LastUpgradeCheck = 0420;
				ORGANIZATIONNAME = Mechanica;
			};
			buildConfigurationList = E68ED88015E06C0F0013F6C2 /* Build configuration list for PBXProject "MOAI-GLFW" */;
			compatibilityVersion = "Xcode 3.2";
			developmentRegion = English;
			hasScannedForEncodings = 0;
			knownRegions = (
				en,
			);
			mainGroup = E68ED87B15E06C0F0013F6C2;
			productRefGroup = E68ED88915E06C290013F6C2 /* Products */;
			projectDirPath = "";
			projectReferences = (
				{
					ProductGroup = CD327C5A16A414C800604307 /* Products */;
					ProjectRef = CD327C5916A414C800604307 /* libmoai.xcodeproj */;
				},
			);
			projectRoot = "";
			targets = (
				E68ED8C715E06D110013F6C2 /* MOAI-GLFW */,
				CD90774716A423250038CB0B /* Turk */,
			);
		};
/* End PBXProject section */

/* Begin PBXReferenceProxy section */
		CD327C7316A414CA00604307 /* libmoai-ios.a */ = {
			isa = PBXReferenceProxy;
			fileType = archive.ar;
			path = "libmoai-ios.a";
			remoteRef = CD327C7216A414CA00604307 /* PBXContainerItemProxy */;
			sourceTree = BUILT_PRODUCTS_DIR;
		};
		CD327C7516A414CA00604307 /* libmoai-ios-3rdparty.a */ = {
			isa = PBXReferenceProxy;
			fileType = archive.ar;
			path = "libmoai-ios-3rdparty.a";
			remoteRef = CD327C7416A414CA00604307 /* PBXContainerItemProxy */;
			sourceTree = BUILT_PRODUCTS_DIR;
		};
		CD327C7716A414CA00604307 /* libmoai-ios-adcolony.a */ = {
			isa = PBXReferenceProxy;
			fileType = archive.ar;
			path = "libmoai-ios-adcolony.a";
			remoteRef = CD327C7616A414CA00604307 /* PBXContainerItemProxy */;
			sourceTree = BUILT_PRODUCTS_DIR;
		};
		CD327C7916A414CA00604307 /* libmoai-ios-chartboost.a */ = {
			isa = PBXReferenceProxy;
			fileType = archive.ar;
			path = "libmoai-ios-chartboost.a";
			remoteRef = CD327C7816A414CA00604307 /* PBXContainerItemProxy */;
			sourceTree = BUILT_PRODUCTS_DIR;
		};
		CD327C7B16A414CA00604307 /* libmoai-ios-facebook.a */ = {
			isa = PBXReferenceProxy;
			fileType = archive.ar;
			path = "libmoai-ios-facebook.a";
			remoteRef = CD327C7A16A414CA00604307 /* PBXContainerItemProxy */;
			sourceTree = BUILT_PRODUCTS_DIR;
		};
		CD327C7D16A414CA00604307 /* liblibmoai-ios-fmod-designer.a */ = {
			isa = PBXReferenceProxy;
			fileType = archive.ar;
			path = "liblibmoai-ios-fmod-designer.a";
			remoteRef = CD327C7C16A414CA00604307 /* PBXContainerItemProxy */;
			sourceTree = BUILT_PRODUCTS_DIR;
		};
		CD327C7F16A414CA00604307 /* libmoai-ios-fmod-ex.a */ = {
			isa = PBXReferenceProxy;
			fileType = archive.ar;
			path = "libmoai-ios-fmod-ex.a";
			remoteRef = CD327C7E16A414CA00604307 /* PBXContainerItemProxy */;
			sourceTree = BUILT_PRODUCTS_DIR;
		};
		CD327C8116A414CA00604307 /* libmoai-ios-luaext.a */ = {
			isa = PBXReferenceProxy;
			fileType = archive.ar;
			path = "libmoai-ios-luaext.a";
			remoteRef = CD327C8016A414CA00604307 /* PBXContainerItemProxy */;
			sourceTree = BUILT_PRODUCTS_DIR;
		};
		CD327C8316A414CA00604307 /* libmoai-ios-tapjoy.a */ = {
			isa = PBXReferenceProxy;
			fileType = archive.ar;
			path = "libmoai-ios-tapjoy.a";
			remoteRef = CD327C8216A414CA00604307 /* PBXContainerItemProxy */;
			sourceTree = BUILT_PRODUCTS_DIR;
		};
		CD327C8516A414CA00604307 /* libmoai-ios-untz.a */ = {
			isa = PBXReferenceProxy;
			fileType = archive.ar;
			path = "libmoai-ios-untz.a";
			remoteRef = CD327C8416A414CA00604307 /* PBXContainerItemProxy */;
			sourceTree = BUILT_PRODUCTS_DIR;
		};
		CD327C8716A414CA00604307 /* libmoai-ios-vungle.a */ = {
			isa = PBXReferenceProxy;
			fileType = archive.ar;
			path = "libmoai-ios-vungle.a";
			remoteRef = CD327C8616A414CA00604307 /* PBXContainerItemProxy */;
			sourceTree = BUILT_PRODUCTS_DIR;
		};
		CD327C8916A414CA00604307 /* libmoai-ios-zlcore.a */ = {
			isa = PBXReferenceProxy;
			fileType = archive.ar;
			path = "libmoai-ios-zlcore.a";
			remoteRef = CD327C8816A414CA00604307 /* PBXContainerItemProxy */;
			sourceTree = BUILT_PRODUCTS_DIR;
		};
		CD327C8B16A414CA00604307 /* libmoai-osx.a */ = {
			isa = PBXReferenceProxy;
			fileType = archive.ar;
			path = "libmoai-osx.a";
			remoteRef = CD327C8A16A414CA00604307 /* PBXContainerItemProxy */;
			sourceTree = BUILT_PRODUCTS_DIR;
		};
		CD327C8D16A414CA00604307 /* libmoai-osx-3rdparty.a */ = {
			isa = PBXReferenceProxy;
			fileType = archive.ar;
			path = "libmoai-osx-3rdparty.a";
			remoteRef = CD327C8C16A414CA00604307 /* PBXContainerItemProxy */;
			sourceTree = BUILT_PRODUCTS_DIR;
		};
		CD327C8F16A414CA00604307 /* liblibmoai-osx-fmod-designer.a */ = {
			isa = PBXReferenceProxy;
			fileType = archive.ar;
			path = "liblibmoai-osx-fmod-designer.a";
			remoteRef = CD327C8E16A414CA00604307 /* PBXContainerItemProxy */;
			sourceTree = BUILT_PRODUCTS_DIR;
		};
		CD327C9116A414CA00604307 /* libmoai-osx-fmod-ex.a */ = {
			isa = PBXReferenceProxy;
			fileType = archive.ar;
			path = "libmoai-osx-fmod-ex.a";
			remoteRef = CD327C9016A414CA00604307 /* PBXContainerItemProxy */;
			sourceTree = BUILT_PRODUCTS_DIR;
		};
		CD327C9316A414CA00604307 /* libmoai-osx-luaext.a */ = {
			isa = PBXReferenceProxy;
			fileType = archive.ar;
			path = "libmoai-osx-luaext.a";
			remoteRef = CD327C9216A414CA00604307 /* PBXContainerItemProxy */;
			sourceTree = BUILT_PRODUCTS_DIR;
		};
		CD327C9516A414CA00604307 /* libmoai-osx-untz.a */ = {
			isa = PBXReferenceProxy;
			fileType = archive.ar;
			path = "libmoai-osx-untz.a";
			remoteRef = CD327C9416A414CA00604307 /* PBXContainerItemProxy */;
			sourceTree = BUILT_PRODUCTS_DIR;
		};
		CD327C9716A414CA00604307 /* libmoai-osx-zlcore.a */ = {
			isa = PBXReferenceProxy;
			fileType = archive.ar;
			path = "libmoai-osx-zlcore.a";
			remoteRef = CD327C9616A414CA00604307 /* PBXContainerItemProxy */;
			sourceTree = BUILT_PRODUCTS_DIR;
		};
/* End PBXReferenceProxy section */

/* Begin PBXResourcesBuildPhase section */
		CD90774616A423250038CB0B /* Resources */ = {
			isa = PBXResourcesBuildPhase;
			buildActionMask = 2147483647;
			files = (
				CD9077A816A530000038CB0B /* Turk.icns in Resources */,
			);
			runOnlyForDeploymentPostprocessing = 0;
		};
/* End PBXResourcesBuildPhase section */

/* Begin PBXSourcesBuildPhase section */
		CD90774416A423250038CB0B /* Sources */ = {
			isa = PBXSourcesBuildPhase;
			buildActionMask = 2147483647;
			files = (
				CD90776B16A4254D0038CB0B /* GlfwHost.cpp in Sources */,
				CD90776A16A425490038CB0B /* main.cpp in Sources */,
				CD9077A616A520980038CB0B /* MOAIHostMgr.cpp in Sources */,
			);
			runOnlyForDeploymentPostprocessing = 0;
		};
		E68ED8C415E06D110013F6C2 /* Sources */ = {
			isa = PBXSourcesBuildPhase;
			buildActionMask = 2147483647;
			files = (
				E6D0404315E1418C00F1EF09 /* main.cpp in Sources */,
				E6AECA5A15E45BCC00A0D30D /* GlfwHost.cpp in Sources */,
				CD9077A516A520980038CB0B /* MOAIHostMgr.cpp in Sources */,
			);
			runOnlyForDeploymentPostprocessing = 0;
		};
/* End PBXSourcesBuildPhase section */

/* Begin PBXTargetDependency section */
		CD327C9916A414E700604307 /* PBXTargetDependency */ = {
			isa = PBXTargetDependency;
			name = "libmoai-osx";
			targetProxy = CD327C9816A414E700604307 /* PBXContainerItemProxy */;
		};
		CD327C9B16A414E700604307 /* PBXTargetDependency */ = {
			isa = PBXTargetDependency;
			name = "libmoai-osx-3rdparty";
			targetProxy = CD327C9A16A414E700604307 /* PBXContainerItemProxy */;
		};
		CD327C9D16A414E700604307 /* PBXTargetDependency */ = {
			isa = PBXTargetDependency;
			name = "libmoai-osx-luaext";
			targetProxy = CD327C9C16A414E700604307 /* PBXContainerItemProxy */;
		};
		CD327C9F16A414E700604307 /* PBXTargetDependency */ = {
			isa = PBXTargetDependency;
			name = "libmoai-osx-untz";
			targetProxy = CD327C9E16A414E700604307 /* PBXContainerItemProxy */;
		};
		CD327CA116A414E700604307 /* PBXTargetDependency */ = {
			isa = PBXTargetDependency;
			name = "libmoai-osx-zlcore";
			targetProxy = CD327CA016A414E700604307 /* PBXContainerItemProxy */;
		};
		CD90776116A4251C0038CB0B /* PBXTargetDependency */ = {
			isa = PBXTargetDependency;
			name = "libmoai-osx";
			targetProxy = CD90776016A4251C0038CB0B /* PBXContainerItemProxy */;
		};
		CD90776316A4251C0038CB0B /* PBXTargetDependency */ = {
			isa = PBXTargetDependency;
			name = "libmoai-osx-3rdparty";
			targetProxy = CD90776216A4251C0038CB0B /* PBXContainerItemProxy */;
		};
		CD90776516A4251C0038CB0B /* PBXTargetDependency */ = {
			isa = PBXTargetDependency;
			name = "libmoai-osx-luaext";
			targetProxy = CD90776416A4251C0038CB0B /* PBXContainerItemProxy */;
		};
		CD90776716A4251C0038CB0B /* PBXTargetDependency */ = {
			isa = PBXTargetDependency;
			name = "libmoai-osx-untz";
			targetProxy = CD90776616A4251C0038CB0B /* PBXContainerItemProxy */;
		};
		CD90776916A4251C0038CB0B /* PBXTargetDependency */ = {
			isa = PBXTargetDependency;
			name = "libmoai-osx-zlcore";
			targetProxy = CD90776816A4251C0038CB0B /* PBXContainerItemProxy */;
		};
/* End PBXTargetDependency section */

/* Begin XCBuildConfiguration section */
		CD90775E16A423250038CB0B /* Debug */ = {
			isa = XCBuildConfiguration;
			buildSettings = {
				ALWAYS_SEARCH_USER_PATHS = NO;
				ARCHS = "$(ARCHS_STANDARD_32_64_BIT)";
				CLANG_CXX_LANGUAGE_STANDARD = "gnu++0x";
				CLANG_CXX_LIBRARY = "libc++";
				CLANG_WARN_EMPTY_BODY = YES;
				CLANG_WARN__DUPLICATE_METHOD_MATCH = YES;
				COMBINE_HIDPI_IMAGES = YES;
				COPY_PHASE_STRIP = YES;
				FRAMEWORK_SEARCH_PATHS = "$(inherited)";
				GCC_C_LANGUAGE_STANDARD = gnu99;
				GCC_DYNAMIC_NO_PIC = NO;
				GCC_ENABLE_CPP_RTTI = NO;
				GCC_ENABLE_OBJC_EXCEPTIONS = YES;
				GCC_OPTIMIZATION_LEVEL = 0;
				GCC_PRECOMPILE_PREFIX_HEADER = YES;
				GCC_PREFIX_HEADER = "Turk/Turk-Prefix.pch";
				GCC_PREPROCESSOR_DEFINITIONS = (
					"$(inherited)",
					DEBUG,
				);
				GCC_SYMBOLS_PRIVATE_EXTERN = NO;
				GCC_VERSION = com.apple.compilers.llvmgcc42;
				GCC_WARN_64_TO_32_BIT_CONVERSION = YES;
				GCC_WARN_ABOUT_MISSING_PROTOTYPES = YES;
				GCC_WARN_ABOUT_RETURN_TYPE = YES;
				GCC_WARN_UNINITIALIZED_AUTOS = NO;
				GCC_WARN_UNUSED_VARIABLE = YES;
				HEADER_SEARCH_PATHS = (
					/usr/local/include,
					"\"$(SRCROOT)/3rdparty/moai-dev/src\"/**",
					"\"$(SRCROOT)/3rdparty/moai-dev/3rdparty/lua-5.1.3/src\"",
				);
				INFOPLIST_FILE = "Turk/Turk-Info.plist";
				LIBRARY_SEARCH_PATHS = "$(inherited)";
				MACOSX_DEPLOYMENT_TARGET = "";
				OTHER_LDFLAGS = "-lglfw";
				PRODUCT_NAME = "$(TARGET_NAME)";
				SDKROOT = "";
				WRAPPER_EXTENSION = app;
			};
			name = Debug;
		};
		CD90775F16A423250038CB0B /* Release */ = {
			isa = XCBuildConfiguration;
			buildSettings = {
				ALWAYS_SEARCH_USER_PATHS = NO;
				ARCHS = "$(ARCHS_STANDARD_32_64_BIT)";
				CLANG_CXX_LANGUAGE_STANDARD = "gnu++0x";
				CLANG_CXX_LIBRARY = "libc++";
				CLANG_WARN_EMPTY_BODY = YES;
				CLANG_WARN__DUPLICATE_METHOD_MATCH = YES;
				COMBINE_HIDPI_IMAGES = YES;
				COPY_PHASE_STRIP = YES;
				DEBUG_INFORMATION_FORMAT = "dwarf-with-dsym";
				FRAMEWORK_SEARCH_PATHS = "$(inherited)";
				GCC_C_LANGUAGE_STANDARD = gnu99;
				GCC_ENABLE_CPP_RTTI = NO;
				GCC_ENABLE_OBJC_EXCEPTIONS = YES;
				GCC_PRECOMPILE_PREFIX_HEADER = YES;
				GCC_PREFIX_HEADER = "Turk/Turk-Prefix.pch";
				GCC_SYMBOLS_PRIVATE_EXTERN = NO;
				GCC_VERSION = com.apple.compilers.llvmgcc42;
				GCC_WARN_64_TO_32_BIT_CONVERSION = YES;
				GCC_WARN_ABOUT_MISSING_PROTOTYPES = YES;
				GCC_WARN_ABOUT_RETURN_TYPE = YES;
				GCC_WARN_UNINITIALIZED_AUTOS = NO;
				GCC_WARN_UNUSED_VARIABLE = YES;
				HEADER_SEARCH_PATHS = (
					/usr/local/include,
					"\"$(SRCROOT)/3rdparty/moai-dev/src\"/**",
					"\"$(SRCROOT)/3rdparty/moai-dev/3rdparty/lua-5.1.3/src\"",
				);
				INFOPLIST_FILE = "Turk/Turk-Info.plist";
				LIBRARY_SEARCH_PATHS = "$(inherited)";
				MACOSX_DEPLOYMENT_TARGET = "";
				OTHER_LDFLAGS = "-lglfw";
				PRODUCT_NAME = "$(TARGET_NAME)";
				SDKROOT = "";
				WRAPPER_EXTENSION = app;
			};
			name = Release;
		};
		E68ED88215E06C0F0013F6C2 /* Debug */ = {
			isa = XCBuildConfiguration;
			buildSettings = {
				HEADER_SEARCH_PATHS = /usr/local/include;
				LIBRARY_SEARCH_PATHS = /usr/local/lib;
				ONLY_ACTIVE_ARCH = YES;
				OTHER_LDFLAGS = "";
			};
			name = Debug;
		};
		E68ED88315E06C0F0013F6C2 /* Release */ = {
			isa = XCBuildConfiguration;
			buildSettings = {
				HEADER_SEARCH_PATHS = /usr/local/include;
				LIBRARY_SEARCH_PATHS = /usr/local/lib;
				ONLY_ACTIVE_ARCH = YES;
				OTHER_LDFLAGS = "";
			};
			name = Release;
		};
		E68ED8D015E06D110013F6C2 /* Debug */ = {
			isa = XCBuildConfiguration;
			buildSettings = {
				ALWAYS_SEARCH_USER_PATHS = NO;
				ARCHS = "$(ARCHS_STANDARD_32_64_BIT)";
				CLANG_ENABLE_OBJC_ARC = YES;
				COPY_PHASE_STRIP = YES;
				GCC_C_LANGUAGE_STANDARD = gnu99;
				GCC_DYNAMIC_NO_PIC = NO;
				GCC_ENABLE_CPP_RTTI = NO;
				GCC_ENABLE_OBJC_EXCEPTIONS = YES;
				GCC_OPTIMIZATION_LEVEL = 0;
				GCC_PREPROCESSOR_DEFINITIONS = (
					_DEBUG,
					DEBUG,
					DEBUG_POSIX,
					SQLITE_ENABLE_COLUMN_METADATA,
					TIXML_USE_STL,
					ENABLE_CUSTOM_WEBVIEW,
					HAVE_MEMMOVE,
					XML_STATIC,
					FT2_BUILD_LIBRARY,
					DARWIN_NO_CARBON,
					GLUTHOST_USE_LUAEXT,
					GLUTHOST_USE_UNTZ,
				);
				GCC_SYMBOLS_PRIVATE_EXTERN = NO;
				GCC_VERSION = com.apple.compilers.llvmgcc42;
				GCC_WARN_64_TO_32_BIT_CONVERSION = YES;
				GCC_WARN_ABOUT_MISSING_PROTOTYPES = YES;
				GCC_WARN_ABOUT_RETURN_TYPE = YES;
				GCC_WARN_UNUSED_VARIABLE = YES;
				HEADER_SEARCH_PATHS = (
					/usr/local/include,
					"\"$(SRCROOT)/3rdparty/moai-dev/src\"/**",
					"\"$(SRCROOT)/3rdparty/moai-dev/3rdparty/lua-5.1.3/src\"",
				);
				LD_DYLIB_INSTALL_NAME = "";
				LIBRARY_SEARCH_PATHS = "$(inherited)";
				MACOSX_DEPLOYMENT_TARGET = "";
				ONLY_ACTIVE_ARCH = YES;
				OTHER_CPLUSPLUSFLAGS = "$(OTHER_CFLAGS)";
				OTHER_LDFLAGS = "-lglfw";
				PRODUCT_NAME = "$(TARGET_NAME)";
				SDKROOT = "";
				VALID_ARCHS = "i386 x86_64";
			};
			name = Debug;
		};
		E68ED8D115E06D110013F6C2 /* Release */ = {
			isa = XCBuildConfiguration;
			buildSettings = {
				ALWAYS_SEARCH_USER_PATHS = NO;
				ARCHS = "$(ARCHS_STANDARD_32_64_BIT)";
				CLANG_ENABLE_OBJC_ARC = YES;
				COPY_PHASE_STRIP = YES;
				DEBUG_INFORMATION_FORMAT = "dwarf-with-dsym";
				GCC_C_LANGUAGE_STANDARD = gnu99;
				GCC_ENABLE_CPP_RTTI = NO;
				GCC_ENABLE_OBJC_EXCEPTIONS = YES;
				GCC_SYMBOLS_PRIVATE_EXTERN = NO;
				GCC_VERSION = com.apple.compilers.llvmgcc42;
				GCC_WARN_64_TO_32_BIT_CONVERSION = YES;
				GCC_WARN_ABOUT_MISSING_PROTOTYPES = YES;
				GCC_WARN_ABOUT_RETURN_TYPE = YES;
				GCC_WARN_UNUSED_VARIABLE = YES;
				HEADER_SEARCH_PATHS = (
					/usr/local/include,
					"\"$(SRCROOT)/3rdparty/moai-dev/src\"/**",
					"\"$(SRCROOT)/3rdparty/moai-dev/3rdparty/lua-5.1.3/src\"",
				);
				LD_DYLIB_INSTALL_NAME = "";
				LIBRARY_SEARCH_PATHS = "$(inherited)";
				MACOSX_DEPLOYMENT_TARGET = "";
				ONLY_ACTIVE_ARCH = YES;
				OTHER_CPLUSPLUSFLAGS = "$(OTHER_CFLAGS)";
				OTHER_LDFLAGS = "-lglfw";
				PRODUCT_NAME = "$(TARGET_NAME)";
				SDKROOT = "";
				VALID_ARCHS = "i386 x86_64";
			};
			name = Release;
		};
/* End XCBuildConfiguration section */

/* Begin XCConfigurationList section */
		CD90775D16A423250038CB0B /* Build configuration list for PBXNativeTarget "Turk" */ = {
			isa = XCConfigurationList;
			buildConfigurations = (
				CD90775E16A423250038CB0B /* Debug */,
				CD90775F16A423250038CB0B /* Release */,
			);
			defaultConfigurationIsVisible = 0;
			defaultConfigurationName = Release;
		};
		E68ED88015E06C0F0013F6C2 /* Build configuration list for PBXProject "MOAI-GLFW" */ = {
			isa = XCConfigurationList;
			buildConfigurations = (
				E68ED88215E06C0F0013F6C2 /* Debug */,
				E68ED88315E06C0F0013F6C2 /* Release */,
			);
			defaultConfigurationIsVisible = 0;
			defaultConfigurationName = Release;
		};
		E68ED8CF15E06D110013F6C2 /* Build configuration list for PBXNativeTarget "MOAI-GLFW" */ = {
			isa = XCConfigurationList;
			buildConfigurations = (
				E68ED8D015E06D110013F6C2 /* Debug */,
				E68ED8D115E06D110013F6C2 /* Release */,
			);
			defaultConfigurationIsVisible = 0;
			defaultConfigurationName = Release;
		};
/* End XCConfigurationList section */
	};
	rootObject = E68ED87D15E06C0F0013F6C2 /* Project object */;
}
